
Microsoft Visual Studio Solution File, Format Version 12.00
# Visual Studio Version 17
VisualStudioVersion = 17.12.35521.163 d17.12
MinimumVisualStudioVersion = 10.0.40219.1
Project("{FAE04EC0-301F-11D3-BF4B-00C04F79EFBC}") = "PROG2070Assignment2", "PROG2070Assignment2.csproj", "{EFE2C50C-4753-40EF-9E9B-D489A46F0FA5}"
EndProject
Project("{FAE04EC0-301F-11D3-BF4B-00C04F79EFBC}") = "UnitTests", "..\UnitTests\UnitTests.csproj", "{AA495A35-9D2F-4399-B653-C9D2F93779AF}"
EndProject
Global
	GlobalSection(SolutionConfigurationPlatforms) = preSolution
		Debug|Any CPU = Debug|Any CPU
		Release|Any CPU = Release|Any CPU
	EndGlobalSection
	GlobalSection(ProjectConfigurationPlatforms) = postSolution
		{EFE2C50C-4753-40EF-9E9B-D489A46F0FA5}.Debug|Any CPU.ActiveCfg = Debug|Any CPU
		{EFE2C50C-4753-40EF-9E9B-D489A46F0FA5}.Debug|Any CPU.Build.0 = Debug|Any CPU
		{EFE2C50C-4753-40EF-9E9B-D489A46F0FA5}.Release|Any CPU.ActiveCfg = Release|Any CPU
		{EFE2C50C-4753-40EF-9E9B-D489A46F0FA5}.Release|Any CPU.Build.0 = Release|Any CPU
		{AA495A35-9D2F-4399-B653-C9D2F93779AF}.Debug|Any CPU.ActiveCfg = Debug|Any CPU
		{AA495A35-9D2F-4399-B653-C9D2F93779AF}.Debug|Any CPU.Build.0 = Debug|Any CPU
		{AA495A35-9D2F-4399-B653-C9D2F93779AF}.Release|Any CPU.ActiveCfg = Release|Any CPU
		{AA495A35-9D2F-4399-B653-C9D2F93779AF}.Release|Any CPU.Build.0 = Release|Any CPU
	EndGlobalSection
	GlobalSection(SolutionProperties) = preSolution
		HideSolutionNode = FALSE
	EndGlobalSection
EndGlobal
